
Microsoft Visual Studio Solution File, Format Version 12.00
# Visual Studio Version 16
VisualStudioVersion = 16.0.32106.194
MinimumVisualStudioVersion = 10.0.40219.1
Project("{FAE04EC0-301F-11D3-BF4B-00C04F79EFBC}") = "A_Common_Library", "A_Common_Library\A_Common_Library.csproj", "{08C624CC-9814-4628-85D5-7C28E6A93EA8}"
EndProject
Global
	GlobalSection(SolutionConfigurationPlatforms) = preSolution
		Debug|Any CPU = Debug|Any CPU
		Release|Any CPU = Release|Any CPU
	EndGlobalSection
	GlobalSection(ProjectConfigurationPlatforms) = postSolution
		{08C624CC-9814-4628-85D5-7C28E6A93EA8}.Debug|Any CPU.ActiveCfg = Debug|Any CPU
		{08C624CC-9814-4628-85D5-7C28E6A93EA8}.Debug|Any CPU.Build.0 = Debug|Any CPU
		{08C624CC-9814-4628-85D5-7C28E6A93EA8}.Release|Any CPU.ActiveCfg = Release|Any CPU
		{08C624CC-9814-4628-85D5-7C28E6A93EA8}.Release|Any CPU.Build.0 = Release|Any CPU
	EndGlobalSection
	GlobalSection(SolutionProperties) = preSolution
		HideSolutionNode = FALSE
	EndGlobalSection
	GlobalSection(ExtensibilityGlobals) = postSolution
		SolutionGuid = {4E97911F-7C90-4805-A8BF-1254A3F36054}
	EndGlobalSection
EndGlobal
